{
  "version": 4,
  "terraform_version": "0.12.18",
  "serial": 23,
  "lineage": "943a67d1-c327-0d16-6e03-fb2dd97fe7f7",
  "outputs": {},
  "resources": [
    {
      "mode": "managed",
      "type": "digitalocean_droplet",
      "name": "csgames",
      "provider": "provider.digitalocean",
      "instances": [
        {
          "schema_version": 1,
          "attributes": {
            "backups": false,
            "created_at": "2020-01-23T20:00:17Z",
            "disk": 320,
            "id": "176958476",
            "image": "ubuntu-18-04-x64",
            "ipv4_address": "178.128.230.45",
            "ipv4_address_private": "",
            "ipv6": false,
            "ipv6_address": "",
            "ipv6_address_private": null,
            "locked": false,
            "memory": 16384,
            "monitoring": false,
            "name": "challenges-host",
            "price_hourly": 0.11905,
            "price_monthly": 80,
            "private_networking": false,
            "region": "tor1",
            "resize_disk": true,
            "size": "s-6vcpu-16gb",
            "ssh_keys": [
              "56:cb:01:b7:43:25:1b:f9:29:3f:84:34:b0:c8:aa:5c"
            ],
            "status": "active",
            "tags": [],
            "urn": "do:droplet:176958476",
            "user_data": null,
            "vcpus": 6,
            "volume_ids": []
          },
          "private": "eyJzY2hlbWFfdmVyc2lvbiI6IjEifQ==",
          "dependencies": [
            "digitalocean_ssh_key.default"
          ]
        }
      ]
    },
    {
      "mode": "managed",
      "type": "digitalocean_firewall",
      "name": "csgamers",
      "provider": "provider.digitalocean",
      "instances": [
        {
          "schema_version": 0,
          "attributes": {
            "created_at": null,
            "droplet_ids": [
              176958476
            ],
            "id": "d288655b-de22-46c5-b50a-c6b8c233a2ea",
            "inbound_rule": [
              {
                "port_range": "22",
                "protocol": "tcp",
                "source_addresses": [
                  "0.0.0.0/0",
                  "::/0"
                ],
                "source_droplet_ids": [],
                "source_load_balancer_uids": [],
                "source_tags": []
              }
            ],
            "name": "csgames-firewall",
            "outbound_rule": [
              {
                "destination_addresses": [
                  "0.0.0.0/0",
                  "::/0"
                ],
                "destination_droplet_ids": [],
                "destination_load_balancer_uids": [],
                "destination_tags": [],
                "port_range": "1-65535",
                "protocol": "tcp"
              },
              {
                "destination_addresses": [
                  "0.0.0.0/0",
                  "::/0"
                ],
                "destination_droplet_ids": [],
                "destination_load_balancer_uids": [],
                "destination_tags": [],
                "port_range": "1-65535",
                "protocol": "udp"
              }
            ],
            "pending_changes": [],
            "status": "succeeded",
            "tags": []
          },
          "private": "bnVsbA==",
          "dependencies": [
            "digitalocean_droplet.csgames"
          ]
        }
      ]
    },
    {
      "mode": "managed",
      "type": "digitalocean_floating_ip",
      "name": "csgames",
      "provider": "provider.digitalocean",
      "instances": [
        {
          "schema_version": 0,
          "attributes": {
            "droplet_id": 176958476,
            "id": "104.248.107.57",
            "ip_address": "104.248.107.57",
            "region": "tor1",
            "urn": "do:floatingip:104.248.107.57"
          },
          "private": "bnVsbA==",
          "dependencies": [
            "digitalocean_droplet.csgames"
          ]
        }
      ]
    },
    {
      "mode": "managed",
      "type": "digitalocean_project",
      "name": "csgames",
      "provider": "provider.digitalocean",
      "instances": [
        {
          "schema_version": 0,
          "attributes": {
            "created_at": "2020-01-02T23:58:30Z",
            "description": "Project for CS Games 2020 Backend",
            "environment": "Production",
            "id": "09f9ab44-07b1-4720-997b-d9e98d529df5",
            "name": "csgames",
            "owner_id": 6905171,
            "owner_uuid": "038491f0-aa34-4a8e-b881-1c577f730bdc",
            "purpose": "Web Application",
            "resources": [
              "do:droplet:176958476",
              "do:floatingip:104.248.107.57"
            ],
            "updated_at": "2020-01-02T23:58:30Z"
          },
          "private": "bnVsbA==",
          "dependencies": [
            "digitalocean_droplet.csgames"
          ]
        }
      ]
    },
    {
      "mode": "managed",
      "type": "digitalocean_ssh_key",
      "name": "default",
      "provider": "provider.digitalocean",
      "instances": [
        {
          "schema_version": 0,
          "attributes": {
            "fingerprint": "56:cb:01:b7:43:25:1b:f9:29:3f:84:34:b0:c8:aa:5c",
            "id": "26345050",
            "name": "Admin key",
            "public_key": "ssh-rsa AAAAB3NzaC1yc2EAAAADAQABAAABAQDZwTW2OmsLEeZQld4LjjMnccXg6vseDnNUFKQgq79GTxf2LVDlIMsk+u7UHPsK8yQEetODW6yBFGngNaVoWSKMy1I42e5QVmKfev1uauGNwFQgTL4BL8qVdjRPY4tg+bqsuWq+JWcvDRhUtuXQikzIOMuLJ2cGjoY0hQPDjkoRwFYXlgpvPo0SwV4LwKkkiJhoHeF4O6nzL3wlBAOuEXRVbOR9OvgddkQU3TmE79z53PTTD1DAPq17V0MWuhbUJ9fggLuo1j0NAq5a2RdBiazVhlSWdYXhLfNx/WUaQvG0sziUWMDsnCFNroerJFKfbORvZ7MdFgsuwVvbHXitPdux Sytten@Sytten.local"
          },
          "private": "bnVsbA=="
        }
      ]
    }
  ]
}
